
Microsoft Visual Studio Solution File, Format Version 12.00
# Visual Studio Version 17
VisualStudioVersion = 17.5.002.0
MinimumVisualStudioVersion = 10.0.40219.1
Project("{9A19103F-16F7-4668-BE54-9A1E7A4F7556}") = "xmltv-create", "xmltv-create.csproj", "{F4D5A758-FE54-441D-BE96-4C95FF4A757D}"
EndProject
Global
	GlobalSection(SolutionConfigurationPlatforms) = preSolution
		Debug|Any CPU = Debug|Any CPU
		Release|Any CPU = Release|Any CPU
	EndGlobalSection
	GlobalSection(ProjectConfigurationPlatforms) = postSolution
		{F4D5A758-FE54-441D-BE96-4C95FF4A757D}.Debug|Any CPU.ActiveCfg = Debug|Any CPU
		{F4D5A758-FE54-441D-BE96-4C95FF4A757D}.Debug|Any CPU.Build.0 = Debug|Any CPU
		{F4D5A758-FE54-441D-BE96-4C95FF4A757D}.Release|Any CPU.ActiveCfg = Release|Any CPU
		{F4D5A758-FE54-441D-BE96-4C95FF4A757D}.Release|Any CPU.Build.0 = Release|Any CPU
	EndGlobalSection
	GlobalSection(SolutionProperties) = preSolution
		HideSolutionNode = FALSE
	EndGlobalSection
	GlobalSection(ExtensibilityGlobals) = postSolution
		SolutionGuid = {23FF49DA-F1EF-42DC-A004-479F79D75179}
	EndGlobalSection
EndGlobal
